# Runtime plus the optional catalogue API, pinned for the Docker image.
alembic==1.20.0
annotated-doc==0.0.5
annotated-types==0.8.0
anyio==4.15.1
beautifulsoup4==4.15.0
certifi==2026.7.22
click==8.5.0
fastapi==0.142.2
h11==0.16.0
httpcore==1.0.9
httpx==0.28.1
idna==3.20
lxml==6.1.3
Mako==1.4.3
MarkupSafe==3.0.3
opentelemetry-api==1.45.0
pydantic==2.13.5
pydantic_core==2.46.5
pydantic-settings==2.15.0
python-dotenv==1.2.3
soupsieve==2.10
SQLAlchemy==2.1.1
starlette==1.7.0
typing_extensions==4.16.0
typing-inspection==0.4.4
tzdata==2026.4
uvicorn==0.54.0
websockets==16.1.1
